
Microsoft Visual Studio Solution File, Format Version 12.00
# Visual Studio Version 16
VisualStudioVersion = 16.0.32929.386
MinimumVisualStudioVersion = 10.0.40219.1
Project("{FAE04EC0-301F-11D3-BF4B-00C04F79EFBC}") = "FantasyCharacterTest", "FantasyCharacterTest\FantasyCharacterTest.csproj", "{68E32178-8840-4421-9F26-912923BD6115}"
EndProject
Global
	GlobalSection(SolutionConfigurationPlatforms) = preSolution
		Debug|Any CPU = Debug|Any CPU
		Release|Any CPU = Release|Any CPU
	EndGlobalSection
	GlobalSection(ProjectConfigurationPlatforms) = postSolution
		{68E32178-8840-4421-9F26-912923BD6115}.Debug|Any CPU.ActiveCfg = Debug|Any CPU
		{68E32178-8840-4421-9F26-912923BD6115}.Debug|Any CPU.Build.0 = Debug|Any CPU
		{68E32178-8840-4421-9F26-912923BD6115}.Release|Any CPU.ActiveCfg = Release|Any CPU
		{68E32178-8840-4421-9F26-912923BD6115}.Release|Any CPU.Build.0 = Release|Any CPU
	EndGlobalSection
	GlobalSection(SolutionProperties) = preSolution
		HideSolutionNode = FALSE
	EndGlobalSection
	GlobalSection(ExtensibilityGlobals) = postSolution
		SolutionGuid = {3BE2382C-CDB9-4A6A-A480-524F80EDADFC}
	EndGlobalSection
EndGlobal
